
Microsoft Visual Studio Solution File, Format Version 12.00
# Visual Studio Version 17
VisualStudioVersion = 17.14.37012.4 d17.14
MinimumVisualStudioVersion = 10.0.40219.1
Project("{FAE04EC0-301F-11D3-BF4B-00C04F79EFBC}") = "QuanLyBanDoChoi", "QuanLyBanDoChoi\QuanLyBanDoChoi.csproj", "{93E3B772-5DC0-470A-9F1D-0C2A5A6A9AAB}"
EndProject
Global
	GlobalSection(SolutionConfigurationPlatforms) = preSolution
		Debug|Any CPU = Debug|Any CPU
		Release|Any CPU = Release|Any CPU
	EndGlobalSection
	GlobalSection(ProjectConfigurationPlatforms) = postSolution
		{93E3B772-5DC0-470A-9F1D-0C2A5A6A9AAB}.Debug|Any CPU.ActiveCfg = Debug|Any CPU
		{93E3B772-5DC0-470A-9F1D-0C2A5A6A9AAB}.Debug|Any CPU.Build.0 = Debug|Any CPU
		{93E3B772-5DC0-470A-9F1D-0C2A5A6A9AAB}.Release|Any CPU.ActiveCfg = Release|Any CPU
		{93E3B772-5DC0-470A-9F1D-0C2A5A6A9AAB}.Release|Any CPU.Build.0 = Release|Any CPU
	EndGlobalSection
	GlobalSection(SolutionProperties) = preSolution
		HideSolutionNode = FALSE
	EndGlobalSection
	GlobalSection(ExtensibilityGlobals) = postSolution
		SolutionGuid = {DF271443-C732-4A0C-9694-17A9E85F61C8}
	EndGlobalSection
EndGlobal
